{
  "requires": true,
  "lockfileVersion": 1,
  "dependencies": {
    "@uirouter/angularjs": {
      "version": "1.0.30",
      "resolved": "https://registry.npmjs.org/@uirouter/angularjs/-/angularjs-1.0.30.tgz",
      "integrity": "sha512-qkc3RFZc91S5K0gc/QVAXc9LGDPXjR04vDgG/11j8+yyZEuQojXxKxdLhKIepiPzqLmGRVqzBmBc27gtqaEeZg==",
      "requires": {
        "@uirouter/core": "6.0.8"
      }
    },
    "@uirouter/core": {
      "version": "6.0.8",
      "resolved": "https://registry.npmjs.org/@uirouter/core/-/core-6.0.8.tgz",
      "integrity": "sha512-Gc/BAW47i4L54p8dqYCJJZuv2s3tqlXQ0fvl6Zp2xrblELPVfxmjnc0eurx3XwfQdaqm3T6uls6tQKkof/4QMw=="
    }
  }
}
